
Microsoft Visual Studio Solution File, Format Version 12.00
# Visual Studio Version 17
VisualStudioVersion = 17.1.32407.343
MinimumVisualStudioVersion = 10.0.40219.1
Project("{2150E333-8FDC-42A3-9474-1A3956D46DE8}") = "Services", "Services", "{08E4FBD0-6AD3-4204-B382-8782DCEAAD10}"
EndProject
Project("{2150E333-8FDC-42A3-9474-1A3956D46DE8}") = "Catalog", "Catalog", "{9097B5A6-030B-4E92-9354-C1784E437F97}"
EndProject
Project("{9A19103F-16F7-4668-BE54-9A1E7A4F7556}") = "Catalog.API", "Services\Catalog\Catalog.API\Catalog.API.csproj", "{69679C2C-E62D-4A2C-9052-E939977CE579}"
EndProject
Project("{E53339B2-1760-4266-BCC7-CA923CBCF16C}") = "docker-compose", "docker-compose.dcproj", "{1BF5A627-401C-4275-A473-91E24525065F}"
EndProject
Project("{2150E333-8FDC-42A3-9474-1A3956D46DE8}") = "Basket", "Basket", "{5532722D-ED45-4BB4-B2E1-E8E17DD2562F}"
EndProject
Project("{9A19103F-16F7-4668-BE54-9A1E7A4F7556}") = "Basket.API", "Services\Basket\Basket.API\Basket.API.csproj", "{E1C1DAB6-A779-4483-9205-1F988459ED46}"
EndProject
Project("{2150E333-8FDC-42A3-9474-1A3956D46DE8}") = "Discount", "Discount", "{9E65A9F5-1B5C-4DCF-A576-ACB092657928}"
EndProject
Project("{9A19103F-16F7-4668-BE54-9A1E7A4F7556}") = "Discount.API", "Services\Discount\Discount.API\Discount.API.csproj", "{DBD53871-6D18-424C-ADA9-735B03318A19}"
EndProject
Project("{9A19103F-16F7-4668-BE54-9A1E7A4F7556}") = "Discount.Grpc", "Services\Discount\Discount.Grpc\Discount.Grpc.csproj", "{EB8A518C-1E16-488B-B49C-9B9BC96152FF}"
EndProject
Project("{2150E333-8FDC-42A3-9474-1A3956D46DE8}") = "Ordering", "Ordering", "{CE14C987-BE3B-4FC4-9FEB-86AE7C248FF3}"
EndProject
Project("{FAE04EC0-301F-11D3-BF4B-00C04F79EFBC}") = "Ordering.API", "Services\Ordering\Ordering.API\Ordering.API.csproj", "{2B99CDEA-4663-4AAF-AA19-988B6341A268}"
EndProject
Project("{FAE04EC0-301F-11D3-BF4B-00C04F79EFBC}") = "Ordering.Domain", "Services\Ordering\Ordering.Domain\Ordering.Domain.csproj", "{41E9D029-4F61-4065-9A1F-8CA26F1872C6}"
EndProject
Project("{FAE04EC0-301F-11D3-BF4B-00C04F79EFBC}") = "Ordering.Application", "Services\Ordering\Ordering.Application\Ordering.Application.csproj", "{307520C6-280D-4AD1-85B7-3E764993245E}"
EndProject
Project("{FAE04EC0-301F-11D3-BF4B-00C04F79EFBC}") = "Ordering.Infrastructure", "Services\Ordering\Ordering.Infrastructure\Ordering.Infrastructure.csproj", "{EE3EC3C0-A864-4AAA-9E5E-328AF7B5C53A}"
EndProject
Global
	GlobalSection(SolutionConfigurationPlatforms) = preSolution
		Debug|Any CPU = Debug|Any CPU
		Release|Any CPU = Release|Any CPU
	EndGlobalSection
	GlobalSection(ProjectConfigurationPlatforms) = postSolution
		{69679C2C-E62D-4A2C-9052-E939977CE579}.Debug|Any CPU.ActiveCfg = Debug|Any CPU
		{69679C2C-E62D-4A2C-9052-E939977CE579}.Debug|Any CPU.Build.0 = Debug|Any CPU
		{69679C2C-E62D-4A2C-9052-E939977CE579}.Release|Any CPU.ActiveCfg = Release|Any CPU
		{69679C2C-E62D-4A2C-9052-E939977CE579}.Release|Any CPU.Build.0 = Release|Any CPU
		{1BF5A627-401C-4275-A473-91E24525065F}.Debug|Any CPU.ActiveCfg = Debug|Any CPU
		{1BF5A627-401C-4275-A473-91E24525065F}.Debug|Any CPU.Build.0 = Debug|Any CPU
		{1BF5A627-401C-4275-A473-91E24525065F}.Release|Any CPU.ActiveCfg = Release|Any CPU
		{1BF5A627-401C-4275-A473-91E24525065F}.Release|Any CPU.Build.0 = Release|Any CPU
		{E1C1DAB6-A779-4483-9205-1F988459ED46}.Debug|Any CPU.ActiveCfg = Debug|Any CPU
		{E1C1DAB6-A779-4483-9205-1F988459ED46}.Debug|Any CPU.Build.0 = Debug|Any CPU
		{E1C1DAB6-A779-4483-9205-1F988459ED46}.Release|Any CPU.ActiveCfg = Release|Any CPU
		{E1C1DAB6-A779-4483-9205-1F988459ED46}.Release|Any CPU.Build.0 = Release|Any CPU
		{DBD53871-6D18-424C-ADA9-735B03318A19}.Debug|Any CPU.ActiveCfg = Debug|Any CPU
		{DBD53871-6D18-424C-ADA9-735B03318A19}.Debug|Any CPU.Build.0 = Debug|Any CPU
		{DBD53871-6D18-424C-ADA9-735B03318A19}.Release|Any CPU.ActiveCfg = Release|Any CPU
		{DBD53871-6D18-424C-ADA9-735B03318A19}.Release|Any CPU.Build.0 = Release|Any CPU
		{EB8A518C-1E16-488B-B49C-9B9BC96152FF}.Debug|Any CPU.ActiveCfg = Debug|Any CPU
		{EB8A518C-1E16-488B-B49C-9B9BC96152FF}.Debug|Any CPU.Build.0 = Debug|Any CPU
		{EB8A518C-1E16-488B-B49C-9B9BC96152FF}.Release|Any CPU.ActiveCfg = Release|Any CPU
		{EB8A518C-1E16-488B-B49C-9B9BC96152FF}.Release|Any CPU.Build.0 = Release|Any CPU
		{2B99CDEA-4663-4AAF-AA19-988B6341A268}.Debug|Any CPU.ActiveCfg = Debug|Any CPU
		{2B99CDEA-4663-4AAF-AA19-988B6341A268}.Debug|Any CPU.Build.0 = Debug|Any CPU
		{2B99CDEA-4663-4AAF-AA19-988B6341A268}.Release|Any CPU.ActiveCfg = Release|Any CPU
		{2B99CDEA-4663-4AAF-AA19-988B6341A268}.Release|Any CPU.Build.0 = Release|Any CPU
		{41E9D029-4F61-4065-9A1F-8CA26F1872C6}.Debug|Any CPU.ActiveCfg = Debug|Any CPU
		{41E9D029-4F61-4065-9A1F-8CA26F1872C6}.Debug|Any CPU.Build.0 = Debug|Any CPU
		{41E9D029-4F61-4065-9A1F-8CA26F1872C6}.Release|Any CPU.ActiveCfg = Release|Any CPU
		{41E9D029-4F61-4065-9A1F-8CA26F1872C6}.Release|Any CPU.Build.0 = Release|Any CPU
		{307520C6-280D-4AD1-85B7-3E764993245E}.Debug|Any CPU.ActiveCfg = Debug|Any CPU
		{307520C6-280D-4AD1-85B7-3E764993245E}.Debug|Any CPU.Build.0 = Debug|Any CPU
		{307520C6-280D-4AD1-85B7-3E764993245E}.Release|Any CPU.ActiveCfg = Release|Any CPU
		{307520C6-280D-4AD1-85B7-3E764993245E}.Release|Any CPU.Build.0 = Release|Any CPU
		{EE3EC3C0-A864-4AAA-9E5E-328AF7B5C53A}.Debug|Any CPU.ActiveCfg = Debug|Any CPU
		{EE3EC3C0-A864-4AAA-9E5E-328AF7B5C53A}.Debug|Any CPU.Build.0 = Debug|Any CPU
		{EE3EC3C0-A864-4AAA-9E5E-328AF7B5C53A}.Release|Any CPU.ActiveCfg = Release|Any CPU
		{EE3EC3C0-A864-4AAA-9E5E-328AF7B5C53A}.Release|Any CPU.Build.0 = Release|Any CPU
	EndGlobalSection
	GlobalSection(SolutionProperties) = preSolution
		HideSolutionNode = FALSE
	EndGlobalSection
	GlobalSection(NestedProjects) = preSolution
		{9097B5A6-030B-4E92-9354-C1784E437F97} = {08E4FBD0-6AD3-4204-B382-8782DCEAAD10}
		{69679C2C-E62D-4A2C-9052-E939977CE579} = {9097B5A6-030B-4E92-9354-C1784E437F97}
		{5532722D-ED45-4BB4-B2E1-E8E17DD2562F} = {08E4FBD0-6AD3-4204-B382-8782DCEAAD10}
		{E1C1DAB6-A779-4483-9205-1F988459ED46} = {5532722D-ED45-4BB4-B2E1-E8E17DD2562F}
		{9E65A9F5-1B5C-4DCF-A576-ACB092657928} = {08E4FBD0-6AD3-4204-B382-8782DCEAAD10}
		{DBD53871-6D18-424C-ADA9-735B03318A19} = {9E65A9F5-1B5C-4DCF-A576-ACB092657928}
		{EB8A518C-1E16-488B-B49C-9B9BC96152FF} = {9E65A9F5-1B5C-4DCF-A576-ACB092657928}
		{CE14C987-BE3B-4FC4-9FEB-86AE7C248FF3} = {08E4FBD0-6AD3-4204-B382-8782DCEAAD10}
		{2B99CDEA-4663-4AAF-AA19-988B6341A268} = {CE14C987-BE3B-4FC4-9FEB-86AE7C248FF3}
		{41E9D029-4F61-4065-9A1F-8CA26F1872C6} = {CE14C987-BE3B-4FC4-9FEB-86AE7C248FF3}
		{307520C6-280D-4AD1-85B7-3E764993245E} = {CE14C987-BE3B-4FC4-9FEB-86AE7C248FF3}
		{EE3EC3C0-A864-4AAA-9E5E-328AF7B5C53A} = {CE14C987-BE3B-4FC4-9FEB-86AE7C248FF3}
	EndGlobalSection
	GlobalSection(ExtensibilityGlobals) = postSolution
		SolutionGuid = {DF89A1A4-7B33-4482-ACCA-19C9F498269F}
	EndGlobalSection
EndGlobal
